
Microsoft Visual Studio Solution File, Format Version 12.00
# Visual Studio Version 16
VisualStudioVersion = 16.0.29613.14
MinimumVisualStudioVersion = 10.0.40219.1
Project("{FAE04EC0-301F-11D3-BF4B-00C04F79EFBC}") = "WebLancerHelper", "WebLancerHelper\WebLancerHelper.csproj", "{779B6107-ED94-4587-8880-F7B9F669BFF7}"
EndProject
Global
	GlobalSection(SolutionConfigurationPlatforms) = preSolution
		Debug|Any CPU = Debug|Any CPU
		Release|Any CPU = Release|Any CPU
	EndGlobalSection
	GlobalSection(ProjectConfigurationPlatforms) = postSolution
		{779B6107-ED94-4587-8880-F7B9F669BFF7}.Debug|Any CPU.ActiveCfg = Debug|Any CPU
		{779B6107-ED94-4587-8880-F7B9F669BFF7}.Debug|Any CPU.Build.0 = Debug|Any CPU
		{779B6107-ED94-4587-8880-F7B9F669BFF7}.Release|Any CPU.ActiveCfg = Release|Any CPU
		{779B6107-ED94-4587-8880-F7B9F669BFF7}.Release|Any CPU.Build.0 = Release|Any CPU
	EndGlobalSection
	GlobalSection(SolutionProperties) = preSolution
		HideSolutionNode = FALSE
	EndGlobalSection
	GlobalSection(ExtensibilityGlobals) = postSolution
		SolutionGuid = {08187221-934D-4A9D-9680-5F84C67FEC37}
	EndGlobalSection
EndGlobal
